
Microsoft Visual Studio Solution File, Format Version 12.00
# Visual Studio Version 16
VisualStudioVersion = 16.0.30114.105
MinimumVisualStudioVersion = 10.0.40219.1
Project("{FAE04EC0-301F-11D3-BF4B-00C04F79EFBC}") = "CredoLoans", "CredoLoans\CredoLoans.csproj", "{242F13AD-4762-44B9-A174-A84A2BEBB9FB}"
EndProject
Global
	GlobalSection(SolutionConfigurationPlatforms) = preSolution
		Debug|Any CPU = Debug|Any CPU
		Release|Any CPU = Release|Any CPU
	EndGlobalSection
	GlobalSection(ProjectConfigurationPlatforms) = postSolution
		{242F13AD-4762-44B9-A174-A84A2BEBB9FB}.Debug|Any CPU.ActiveCfg = Debug|Any CPU
		{242F13AD-4762-44B9-A174-A84A2BEBB9FB}.Debug|Any CPU.Build.0 = Debug|Any CPU
		{242F13AD-4762-44B9-A174-A84A2BEBB9FB}.Release|Any CPU.ActiveCfg = Release|Any CPU
		{242F13AD-4762-44B9-A174-A84A2BEBB9FB}.Release|Any CPU.Build.0 = Release|Any CPU
	EndGlobalSection
	GlobalSection(SolutionProperties) = preSolution
		HideSolutionNode = FALSE
	EndGlobalSection
	GlobalSection(ExtensibilityGlobals) = postSolution
		SolutionGuid = {8F051977-2C01-43CA-A366-9D712AD60D65}
	EndGlobalSection
EndGlobal
